# This file is autogenerated, do not edit; changes may be undone by the next 'dep ensure'.


[[projects]]
  branch = "master"
  digest = "1:8a2b12fb7e723619cc185b2ee1bad0b0c39e5791f0e576fc45e630242b5c5b7a"
  name = "github.com/Groestlcoin/go-groestl-hash"
  packages = [
    "groestl",
    "hash",
  ]
  pruneopts = ""
  revision = "790653ac190c4029ee200e82a8f21b5d1afaf7d6"

[[projects]]
  branch = "master"
  digest = "1:1ea05a5e8aff07b9b810cba70753e4252748250e0f0ada694a61942a3bf0439e"
  name = "github.com/SINOVATEblockchain/btcutil"
  packages = ["txscript"]
  pruneopts = ""
  revision = "43c56a6ca1742731651be6fcaca1a7f6ddc00df0"

[[projects]]
  branch = "master"
  digest = "1:7c95e6ada3cb4c4034a75f88a137400dfe7cbd5823c66b2ec4b014018b537ff7"
  name = "github.com/agl/ed25519"
  packages = [
    ".",
    "edwards25519",
  ]
  pruneopts = ""
  revision = "5312a61534124124185d41f09206b9fef1d88403"

[[projects]]
  digest = "1:8b13694e3e7b33c6f389f367b6a001a1184b051e34880fdd9e58a2207d9f6573"
  name = "github.com/allegro/bigcache"
  packages = [
    ".",
    "queue",
  ]
  pruneopts = ""
  revision = "69ea0af04088faa57adb9ac683934277141e92a5"
  version = "v2.0.0"

[[projects]]
  branch = "master"
  digest = "1:10f6df61e4d3de150f3c11c3c6791c5702382c7f4aa983bcab9f49a73fea44a3"
  name = "github.com/aristanetworks/goarista"
  packages = ["monotime"]
  pruneopts = ""
  revision = "8e7d5b18fe7ad671e07097d5445dbc70422663b2"

[[projects]]
  branch = "master"
  digest = "1:c0bec5f9b98d0bc872ff5e834fac186b807b656683bd29cb82fb207a1513fabb"
  name = "github.com/beorn7/perks"
  packages = ["quantile"]
  pruneopts = ""
  revision = "3a771d992973f24aa725d07868b467d1ddfceafb"

[[projects]]
  branch = "master"
  digest = "1:624a0f2b645f86d870e85d1875bae00313b295ea962be32627099efc9e57358f"
  name = "github.com/bsm/go-vlq"
  packages = ["."]
  pruneopts = ""
  revision = "ec6e8d4f5f4ec0f6e808ffc7f4dcc7516d4d7d49"

[[projects]]
  digest = "1:ac365b32cde028b5b9b0625a02aa9feb5d4e56c7be8491b59fe61a3be3576211"
  name = "github.com/btcsuite/btcd"
  packages = ["btcec"]
  pruneopts = ""
  revision = "56cc42fe07c206e76812fc57a216b59c41189f04"
  version = "v0.21.0-beta"

[[projects]]
  branch = "master"
  digest = "1:30d4a548e09bca4a0c77317c58e7407e2a65c15325e944f9c08a7b7992f8a59e"
  name = "github.com/btcsuite/btclog"
  packages = ["."]
  pruneopts = ""
  revision = "84c8d2346e9fc8c7b947e243b9c24e6df9fd206a"

[[projects]]
  branch = "master"
  digest = "1:73e8c7e9fcc5e303a712480e453232447ac49bc57d240de5731f789eb309658f"
  name = "github.com/dchest/blake256"
  packages = ["."]
  pruneopts = ""
  revision = "dee3fe6eb0e98dc774a94fc231f85baf7c29d360"

[[projects]]
  digest = "1:c0243ca6ea596b1c547ae44d824fa42f9127af26788efaeb930898586d186c4d"
  name = "github.com/deckarep/golang-set"
  packages = ["."]
  pruneopts = ""
  revision = "1d4478f51bed434f1dadf96dcd9b43aabac66795"
  version = "v1.7"

[[projects]]
  branch = "master"
  digest = "1:361e14733fc7b8d07b429fd8df1f0c780c7af7ff4a8991b568a2b2dde3a2c63d"
  name = "github.com/decred/base58"
  packages = ["."]
  pruneopts = ""
  revision = "dbeddd8aab76c31eb2ea98351a63fa2c6bf46888"

[[projects]]
  digest = "1:e62dccd5ef15f1de8d094370061f80187a1eaa06145a5c8ff3c1380401cd7d57"
  name = "github.com/decred/dcrd"
  packages = [
    "chaincfg",
    "chaincfg/chainec",
    "chaincfg/chainhash",
    "dcrec",
    "dcrec/edwards",
    "dcrec/secp256k1",
    "dcrec/secp256k1/schnorr",
    "dcrjson",
    "dcrutil",
    "hdkeychain",
    "txscript",
    "wire",
  ]
  pruneopts = ""
  revision = "e3e8c47c68b010dbddeb783ebad32a3a4993dd71"
  version = "v1.4.0"

[[projects]]
  digest = "1:72c1f6339c7ca1ecea3e3d30f9cae51bfca19b02d04cfe7e6db32cbfb9a65ddc"
  name = "github.com/decred/slog"
  packages = ["."]
  pruneopts = ""
  revision = "fbd821ef791ba2b8ae945f5d44f4e49396d230c5"
  version = "v1.0.0"

[[projects]]
  digest = "1:a9c8210eb5d36a9a6e66953dc3d3cabd3afbbfb4f50baab0db1af1b723254b82"
  name = "github.com/ethereum/go-ethereum"
  packages = [
    ".",
    "common",
    "common/hexutil",
    "common/math",
    "common/mclock",
    "common/prque",
    "core/types",
    "crypto",
    "crypto/secp256k1",
    "crypto/sha3",
    "ethclient",
    "ethdb",
    "log",
    "metrics",
    "p2p/netutil",
    "params",
    "rlp",
    "rpc",
    "trie",
  ]
  pruneopts = ""
  revision = "24d727b6d6e2c0cde222fa12155c4a6db5caaf2e"
  version = "v1.8.20"

[[projects]]
  digest = "1:9ca737b471693542351e112c9e86be9bf7385e42256893a09ecb2a98e2036f74"
  name = "github.com/go-stack/stack"
  packages = ["."]
  pruneopts = ""
  revision = "259ab82a6cad3992b4e21ff5cac294ccb06474bc"
  version = "v1.7.0"

[[projects]]
  digest = "1:61416415ed09917c36481eb30d3d5836c7b10e3225f412546a1f7a80fc5b33ce"
  name = "github.com/gobuffalo/packr"
  packages = ["."]
  pruneopts = ""
  revision = "5a2cbb54c4e7d482e3f518c56f1f86f133d5204f"
  version = "v1.13.7"

[[projects]]
  digest = "1:0a3f6a0c68ab8f3d455f8892295503b179e571b7fefe47cc6c556405d1f83411"
  name = "github.com/gogo/protobuf"
  packages = ["proto"]
  pruneopts = ""
  revision = "1adfc126b41513cc696b209667c8656ea7aac67c"
  version = "v1.0.0"

[[projects]]
  branch = "master"
  digest = "1:107b233e45174dbab5b1324201d092ea9448e58243ab9f039e4c0f332e121e3a"
  name = "github.com/golang/glog"
  packages = ["."]
  pruneopts = ""
  revision = "23def4e6c14b4da8ac2ed8007337bc5eb5007998"

[[projects]]
  digest = "1:bcb38c8fc9b21bb8682ce2d605a7d4aeb618abc7f827e3ac0b27c0371fdb23fb"
  name = "github.com/golang/protobuf"
  packages = ["proto"]
  pruneopts = ""
  revision = "925541529c1fa6821df4e44ce2723319eb2be768"
  version = "v1.0.0"

[[projects]]
  branch = "master"
  digest = "1:09307dfb1aa3f49a2bf869dcfa4c6c06ecd3c207221bd1c1a1141f0e51f209eb"
  name = "github.com/golang/snappy"
  packages = ["."]
  pruneopts = ""
  revision = "553a641470496b2327abcac10b36396bd98e45c9"

[[projects]]
  digest = "1:64d212c703a2b94054be0ce470303286b177ad260b2f89a307e3d1bb6c073ef6"
  name = "github.com/gorilla/websocket"
  packages = ["."]
  pruneopts = ""
  revision = "ea4d1f681babbce9545c9c5f3d5194a789c89f5b"
  version = "v1.2.0"

[[projects]]
  branch = "master"
  digest = "1:b38a66184fb38b517900ab365f43557ea7e4efe36f939e2fcb53ec0aa92b29c5"
  name = "github.com/juju/errors"
  packages = ["."]
  pruneopts = ""
  revision = "c7d06af17c68cd34c835053720b21f6549d9b0ee"

[[projects]]
  branch = "master"
  digest = "1:03ef5855bc0db883c532629ce83827dc8a73487730ece2f28d49f2a88c2fba6e"
  name = "github.com/martinboehm/bchutil"
  packages = ["."]
  pruneopts = ""
  revision = "6373f11b6efe1ea81e8713b8788a695b2c144d38"

[[projects]]
  branch = "master"
  digest = "1:5731359d5833410709830b403e16eb9deec2999323ad09189a38611f93e6c752"
  name = "github.com/martinboehm/btcd"
  packages = [
    "blockchain",
    "btcec",
    "chaincfg",
    "chaincfg/chainhash",
    "database",
    "txscript",
    "wire",
  ]
  pruneopts = ""
  revision = "8e7c0427fee5d4778c5d4eb987150369e3ca1d0e"

[[projects]]
  branch = "master"
  digest = "1:41dac7e2acdca393e274596a0ff5cc976c7cf5a8860d0a5f787119f507faaeb7"
  name = "github.com/martinboehm/btcutil"
  packages = [
    ".",
    "base58",
    "bech32",
    "chaincfg",
    "hdkeychain",
    "txscript",
  ]
  pruneopts = ""
  revision = "a3d2b8457b77d37c3813742d4030e199b6e09111"

[[projects]]
  branch = "master"
  digest = "1:538b60b5e6074d45962fa3dc0bfe721c303f5b31be99e809653380a67afcc289"
  name = "github.com/martinboehm/golang-socketio"
  packages = [
    ".",
    "protocol",
    "transport",
  ]
  pruneopts = ""
  revision = "f60b0a8befde091474a624a8ffd81ee9912957b3"

[[projects]]
  digest = "1:4c23ced97a470b17d9ffd788310502a077b9c1f60221a85563e49696276b4147"
  name = "github.com/matttproud/golang_protobuf_extensions"
  packages = ["pbutil"]
  pruneopts = ""
  revision = "3247c84500bff8d9fb6d579d800f20b3e091582c"
  version = "v1.0.0"

[[projects]]
  branch = "master"
  digest = "1:4b0d251e61fe112ebeb52ce2162decdf13ae4a031c6e598c552a9b349dc4c74d"
  name = "github.com/mr-tron/base58"
  packages = ["base58"]
  pruneopts = ""
  revision = "c1bdf7c52f59d6685ca597b9955a443ff95eeee6"

[[projects]]
  branch = "master"
  digest = "1:d2df7451f4829b4dd6422e1ebf336fe9400220efe735f80f27d84a07e3180a1f"
  name = "github.com/pebbe/zmq4"
  packages = ["."]
  pruneopts = ""
  revision = "5b443b6471cea4b4f9f85025530c04c93233f76a"

[[projects]]
  digest = "1:7365acd48986e205ccb8652cc746f09c8b7876030d53710ea6ef7d0bd0dcd7ca"
  name = "github.com/pkg/errors"
  packages = ["."]
  pruneopts = ""
  revision = "645ef00459ed84a119197bfb8d8205042c6df63d"
  version = "v0.8.0"

[[projects]]
  digest = "1:4142d94383572e74b42352273652c62afec5b23f325222ed09198f46009022d1"
  name = "github.com/prometheus/client_golang"
  packages = [
    "prometheus",
    "prometheus/promhttp",
  ]
  pruneopts = ""
  revision = "c5b7fccd204277076155f10851dad72b76a49317"
  version = "v0.8.0"

[[projects]]
  branch = "master"
  digest = "1:60aca47f4eeeb972f1b9da7e7db51dee15ff6c59f7b401c1588b8e6771ba15ef"
  name = "github.com/prometheus/client_model"
  packages = ["go"]
  pruneopts = ""
  revision = "99fa1f4be8e564e8a6b613da7fa6f46c9edafc6c"

[[projects]]
  branch = "master"
  digest = "1:af21ee3e0a8212f17bb317cd7237f9920bcb2641a291ac111f30f63b3cab817f"
  name = "github.com/prometheus/common"
  packages = [
    "expfmt",
    "internal/bitbucket.org/ww/goautoneg",
    "model",
  ]
  pruneopts = ""
  revision = "d0f7cd64bda49e08b22ae8a730aa57aa0db125d6"

[[projects]]
  branch = "master"
  digest = "1:61df0898746840afc7be5dc2c3eeec83022fab70df11ecee5b16c85e912cf5ed"
  name = "github.com/prometheus/procfs"
  packages = [
    ".",
    "internal/util",
    "nfs",
    "xfs",
  ]
  pruneopts = ""
  revision = "8b1c2da0d56deffdbb9e48d4414b4e674bd8083e"

[[projects]]
  digest = "1:fe0d7d3a09f5f5ee86ac94afb59c4ef39b08580417732aee805b3d91a90370e7"
  name = "github.com/rs/cors"
  packages = ["."]
  pruneopts = ""
  revision = "feef513b9575b32f84bafa580aad89b011259019"
  version = "v1.3.0"

[[projects]]
  digest = "1:94e86732ddbefd10e7f570b1c850b47cd69500ddeb58d3e4c77f40683dfa6bbe"
  name = "github.com/schancel/cashaddr-converter"
  packages = [
    "address",
    "baseconv",
    "cashaddress",
    "legacy",
  ]
  pruneopts = ""
  revision = "0a38f5822f795dc3727b4caacc298e02938d9eb1"
  version = "v9"

[[projects]]
  branch = "master"
  digest = "1:175bc8d87d54849b9b9fc6cd473c5830e090fbf3c2f0ca71c7642a697e5d9237"
  name = "github.com/syndtr/goleveldb"
  packages = [
    "leveldb",
    "leveldb/cache",
    "leveldb/comparer",
    "leveldb/errors",
    "leveldb/filter",
    "leveldb/iterator",
    "leveldb/journal",
    "leveldb/memdb",
    "leveldb/opt",
    "leveldb/storage",
    "leveldb/table",
    "leveldb/util",
  ]
  pruneopts = ""
  revision = "714f901b98fdb3aa954b4193d8cbd64a28d80cad"

[[projects]]
  branch = "master"
  digest = "1:406915e133a786c711bbff085eb9c20f8c50b01ddae6e9f3eb00557bc080b153"
  name = "github.com/tecbot/gorocksdb"
  packages = ["."]
  pruneopts = ""
  revision = "214b6b7bc0f06812ab5602fdc502a3e619916f38"

[[projects]]
  branch = "master"
  digest = "1:715598815cb13b257c4e32153bdb11f899c82d0cd8c15831cca28e139ddf1b33"
  name = "golang.org/x/crypto"
  packages = [
    "ripemd160",
    "sha3",
  ]
  pruneopts = ""
  revision = "a832865fa7ada6126f4c6124ac49f71be71bff2a"

[[projects]]
  branch = "master"
  digest = "1:40dd5a4f1e82c4d3dc3de550a96152f6a8937bcfcb20c7ee34685f8764e1bda5"
  name = "golang.org/x/net"
  packages = ["websocket"]
  pruneopts = ""
  revision = "61147c48b25b599e5b561d2e9c4f3e1ef489ca41"

[[projects]]
  branch = "master"
  digest = "1:7392a2297a13fb648ee58420ebce3712ea36e37701006355d4f93935a011735b"
  name = "golang.org/x/sys"
  packages = ["cpu"]
  pruneopts = ""
  revision = "8ad439b19e0fb2ded35375e495090c1334011eb9"

[[projects]]
  branch = "v2"
  digest = "1:4f830ee018eb8c56d0def653ad7c9a1d2a053f0cef2ac6b2200f73b98fa6a681"
  name = "gopkg.in/natefinch/npipe.v2"
  packages = ["."]
  pruneopts = ""
  revision = "c1b8fa8bdccecb0b8db834ee0b92fdbcfa606dd6"

[solve-meta]
  analyzer-name = "dep"
  analyzer-version = 1
  input-imports = [
    "github.com/SINOVATEblockchain/btcutil/txscript",
    "github.com/bsm/go-vlq",
    "github.com/deckarep/golang-set",
    "github.com/decred/dcrd/chaincfg",
    "github.com/decred/dcrd/chaincfg/chainhash",
    "github.com/decred/dcrd/dcrjson",
    "github.com/decred/dcrd/hdkeychain",
    "github.com/decred/dcrd/txscript",
    "github.com/ethereum/go-ethereum",
    "github.com/ethereum/go-ethereum/common",
    "github.com/ethereum/go-ethereum/common/hexutil",
    "github.com/ethereum/go-ethereum/core/types",
    "github.com/ethereum/go-ethereum/ethclient",
    "github.com/ethereum/go-ethereum/rpc",
    "github.com/gobuffalo/packr",
    "github.com/gogo/protobuf/proto",
    "github.com/golang/glog",
    "github.com/golang/protobuf/proto",
    "github.com/gorilla/websocket",
    "github.com/juju/errors",
    "github.com/martinboehm/bchutil",
    "github.com/martinboehm/btcd/blockchain",
    "github.com/martinboehm/btcd/chaincfg/chainhash",
    "github.com/martinboehm/btcd/txscript",
    "github.com/martinboehm/btcd/wire",
    "github.com/martinboehm/btcutil",
    "github.com/martinboehm/btcutil/base58",
    "github.com/martinboehm/btcutil/chaincfg",
    "github.com/martinboehm/btcutil/hdkeychain",
    "github.com/martinboehm/btcutil/txscript",
    "github.com/martinboehm/golang-socketio",
    "github.com/martinboehm/golang-socketio/transport",
    "github.com/pebbe/zmq4",
    "github.com/prometheus/client_golang/prometheus",
    "github.com/prometheus/client_golang/prometheus/promhttp",
    "github.com/schancel/cashaddr-converter/address",
    "github.com/tecbot/gorocksdb",
    "golang.org/x/crypto/sha3",
  ]
  solver-name = "gps-cdcl"
  solver-version = 1
